
Microsoft Visual Studio Solution File, Format Version 12.00
Project("{FAE04EC0-301F-11D3-BF4B-00C04F79EFBC}") = "AoC2023CSharp", "AoC2023CSharp\AoC2023CSharp.csproj", "{92326641-25D3-4D68-93C6-36E7EB24C603}"
EndProject
Project("{FAE04EC0-301F-11D3-BF4B-00C04F79EFBC}") = "AoC2023CSharp.UnitTests", "AoC2023CSharp.UnitTests\AoC2023CSharp.UnitTests.csproj", "{E7DD73AB-1B17-41F5-A428-C9346B493F1C}"
EndProject
Global
	GlobalSection(SolutionConfigurationPlatforms) = preSolution
		Debug|Any CPU = Debug|Any CPU
		Release|Any CPU = Release|Any CPU
	EndGlobalSection
	GlobalSection(ProjectConfigurationPlatforms) = postSolution
		{92326641-25D3-4D68-93C6-36E7EB24C603}.Debug|Any CPU.ActiveCfg = Debug|Any CPU
		{92326641-25D3-4D68-93C6-36E7EB24C603}.Debug|Any CPU.Build.0 = Debug|Any CPU
		{92326641-25D3-4D68-93C6-36E7EB24C603}.Release|Any CPU.ActiveCfg = Release|Any CPU
		{92326641-25D3-4D68-93C6-36E7EB24C603}.Release|Any CPU.Build.0 = Release|Any CPU
		{E7DD73AB-1B17-41F5-A428-C9346B493F1C}.Debug|Any CPU.ActiveCfg = Debug|Any CPU
		{E7DD73AB-1B17-41F5-A428-C9346B493F1C}.Debug|Any CPU.Build.0 = Debug|Any CPU
		{E7DD73AB-1B17-41F5-A428-C9346B493F1C}.Release|Any CPU.ActiveCfg = Release|Any CPU
		{E7DD73AB-1B17-41F5-A428-C9346B493F1C}.Release|Any CPU.Build.0 = Release|Any CPU
	EndGlobalSection
EndGlobal
